// !$*UTF8*$!
{
	archiveVersion = 1;
	classes = {
	};
	objectVersion = 50;
	objects = {

/* Begin PBXBuildFile section */
		7F074C97244C29F20039DCC7 /* AppDelegate.swift in Sources */ = {isa = PBXBuildFile; fileRef = 7F074C96244C29F20039DCC7 /* AppDelegate.swift */; };
		7F074C99244C29F20039DCC7 /* SceneDelegate.swift in Sources */ = {isa = PBXBuildFile; fileRef = 7F074C98244C29F20039DCC7 /* SceneDelegate.swift */; };
		7F074C9B244C29F20039DCC7 /* ViewController.swift in Sources */ = {isa = PBXBuildFile; fileRef = 7F074C9A244C29F20039DCC7 /* ViewController.swift */; };
		7F074C9E244C29F20039DCC7 /* Main.storyboard in Resources */ = {isa = PBXBuildFile; fileRef = 7F074C9C244C29F20039DCC7 /* Main.storyboard */; };
		7F074CA0244C29F40039DCC7 /* Assets.xcassets in Resources */ = {isa = PBXBuildFile; fileRef = 7F074C9F244C29F40039DCC7 /* Assets.xcassets */; };
		7F074CA3244C29F40039DCC7 /* LaunchScreen.storyboard in Resources */ = {isa = PBXBuildFile; fileRef = 7F074CA1244C29F40039DCC7 /* LaunchScreen.storyboard */; };
		7F074CAB244C2B2B0039DCC7 /* DataService.swift in Sources */ = {isa = PBXBuildFile; fileRef = 7F074CAA244C2B2B0039DCC7 /* DataService.swift */; };
		7F074CAD244C2B300039DCC7 /* track.swift in Sources */ = {isa = PBXBuildFile; fileRef = 7F074CAC244C2B300039DCC7 /* track.swift */; };
		7F074CAF244C2BD30039DCC7 /* TrackCell.swift in Sources */ = {isa = PBXBuildFile; fileRef = 7F074CAE244C2BD30039DCC7 /* TrackCell.swift */; };
		7FC2DBE0245E04B100EF4E56 /* DetailViewController.swift in Sources */ = {isa = PBXBuildFile; fileRef = 7FC2DBDF245E04B100EF4E56 /* DetailViewController.swift */; };
/* End PBXBuildFile section */

/* Begin PBXFileReference section */
		7F074C93244C29F20039DCC7 /* searchMusic.app */ = {isa = PBXFileReference; explicitFileType = wrapper.application; includeInIndex = 0; path = searchMusic.app; sourceTree = BUILT_PRODUCTS_DIR; };
		7F074C96244C29F20039DCC7 /* AppDelegate.swift */ = {isa = PBXFileReference; lastKnownFileType = sourcecode.swift; path = AppDelegate.swift; sourceTree = "<group>"; };
		7F074C98244C29F20039DCC7 /* SceneDelegate.swift */ = {isa = PBXFileReference; lastKnownFileType = sourcecode.swift; path = SceneDelegate.swift; sourceTree = "<group>"; };
		7F074C9A244C29F20039DCC7 /* ViewController.swift */ = {isa = PBXFileReference; lastKnownFileType = sourcecode.swift; path = ViewController.swift; sourceTree = "<group>"; };
		7F074C9D244C29F20039DCC7 /* Base */ = {isa = PBXFileReference; lastKnownFileType = file.storyboard; name = Base; path = Base.lproj/Main.storyboard; sourceTree = "<group>"; };
		7F074C9F244C29F40039DCC7 /* Assets.xcassets */ = {isa = PBXFileReference; lastKnownFileType = folder.assetcatalog; path = Assets.xcassets; sourceTree = "<group>"; };
		7F074CA2244C29F40039DCC7 /* Base */ = {isa = PBXFileReference; lastKnownFileType = file.storyboard; name = Base; path = Base.lproj/LaunchScreen.storyboard; sourceTree = "<group>"; };
		7F074CA4244C29F40039DCC7 /* Info.plist */ = {isa = PBXFileReference; lastKnownFileType = text.plist.xml; path = Info.plist; sourceTree = "<group>"; };
		7F074CAA244C2B2B0039DCC7 /* DataService.swift */ = {isa = PBXFileReference; fileEncoding = 4; lastKnownFileType = sourcecode.swift; path = DataService.swift; sourceTree = "<group>"; };
		7F074CAC244C2B300039DCC7 /* track.swift */ = {isa = PBXFileReference; fileEncoding = 4; lastKnownFileType = sourcecode.swift; path = track.swift; sourceTree = "<group>"; };
		7F074CAE244C2BD30039DCC7 /* TrackCell.swift */ = {isa = PBXFileReference; fileEncoding = 4; lastKnownFileType = sourcecode.swift; path = TrackCell.swift; sourceTree = "<group>"; };
		7FC2DBDF245E04B100EF4E56 /* DetailViewController.swift */ = {isa = PBXFileReference; fileEncoding = 4; lastKnownFileType = sourcecode.swift; path = DetailViewController.swift; sourceTree = "<group>"; };
/* End PBXFileReference section */

/* Begin PBXFrameworksBuildPhase section */
		7F074C90244C29F20039DCC7 /* Frameworks */ = {
			isa = PBXFrameworksBuildPhase;
			buildActionMask = 2147483647;
			files = (
			);
			runOnlyForDeploymentPostprocessing = 0;
		};
/* End PBXFrameworksBuildPhase section */

/* Begin PBXGroup section */
		7F074C8A244C29F20039DCC7 = {
			isa = PBXGroup;
			children = (
				7F074C95244C29F20039DCC7 /* searchMusic */,
				7F074C94244C29F20039DCC7 /* Products */,
			);
			sourceTree = "<group>";
		};
		7F074C94244C29F20039DCC7 /* Products */ = {
			isa = PBXGroup;
			children = (
				7F074C93244C29F20039DCC7 /* searchMusic.app */,
			);
			name = Products;
			sourceTree = "<group>";
		};
		7F074C95244C29F20039DCC7 /* searchMusic */ = {
			isa = PBXGroup;
			children = (
				7F074C96244C29F20039DCC7 /* AppDelegate.swift */,
				7F074C98244C29F20039DCC7 /* SceneDelegate.swift */,
				7F074C9A244C29F20039DCC7 /* ViewController.swift */,
				7FC2DBDF245E04B100EF4E56 /* DetailViewController.swift */,
				7F074C9C244C29F20039DCC7 /* Main.storyboard */,
				7F074C9F244C29F40039DCC7 /* Assets.xcassets */,
				7F074CA1244C29F40039DCC7 /* LaunchScreen.storyboard */,
				7F074CA4244C29F40039DCC7 /* Info.plist */,
				7F074CAE244C2BD30039DCC7 /* TrackCell.swift */,
				7F074CAC244C2B300039DCC7 /* track.swift */,
				7F074CAA244C2B2B0039DCC7 /* DataService.swift */,
			);
			path = searchMusic;
			sourceTree = "<group>";
		};
/* End PBXGroup section */

/* Begin PBXNativeTarget section */
		7F074C92244C29F20039DCC7 /* searchMusic */ = {
			isa = PBXNativeTarget;
			buildConfigurationList = 7F074CA7244C29F40039DCC7 /* Build configuration list for PBXNativeTarget "searchMusic" */;
			buildPhases = (
				7F074C8F244C29F20039DCC7 /* Sources */,
				7F074C90244C29F20039DCC7 /* Frameworks */,
				7F074C91244C29F20039DCC7 /* Resources */,
			);
			buildRules = (
			);
			dependencies = (
			);
			name = searchMusic;
			productName = searchMusic;
			productReference = 7F074C93244C29F20039DCC7 /* searchMusic.app */;
			productType = "com.apple.product-type.application";
		};
/* End PBXNativeTarget section */

/* Begin PBXProject section */
		7F074C8B244C29F20039DCC7 /* Project object */ = {
			isa = PBXProject;
			attributes = {
				LastSwiftUpdateCheck = 1140;
				LastUpgradeCheck = 1140;
				ORGANIZATIONNAME = user1;
				TargetAttributes = {
					7F074C92244C29F20039DCC7 = {
						CreatedOnToolsVersion = 11.4;
					};
				};
			};
			buildConfigurationList = 7F074C8E244C29F20039DCC7 /* Build configuration list for PBXProject "searchMusic" */;
			compatibilityVersion = "Xcode 9.3";
			developmentRegion = en;
			hasScannedForEncodings = 0;
			knownRegions = (
				en,
				Base,
			);
			mainGroup = 7F074C8A244C29F20039DCC7;
			productRefGroup = 7F074C94244C29F20039DCC7 /* Products */;
			projectDirPath = "";
			projectRoot = "";
			targets = (
				7F074C92244C29F20039DCC7 /* searchMusic */,
			);
		};
/* End PBXProject section */

/* Begin PBXResourcesBuildPhase section */
		7F074C91244C29F20039DCC7 /* Resources */ = {
			isa = PBXResourcesBuildPhase;
			buildActionMask = 2147483647;
			files = (
				7F074CA3244C29F40039DCC7 /* LaunchScreen.storyboard in Resources */,
				7F074CA0244C29F40039DCC7 /* Assets.xcassets in Resources */,
				7F074C9E244C29F20039DCC7 /* Main.storyboard in Resources */,
			);
			runOnlyForDeploymentPostprocessing = 0;
		};
/* End PBXResourcesBuildPhase section */

/* Begin PBXSourcesBuildPhase section */
		7F074C8F244C29F20039DCC7 /* Sources */ = {
			isa = PBXSourcesBuildPhase;
			buildActionMask = 2147483647;
			files = (
				7F074CAD244C2B300039DCC7 /* track.swift in Sources */,
				7F074C9B244C29F20039DCC7 /* ViewController.swift in Sources */,
				7F074C97244C29F20039DCC7 /* AppDelegate.swift in Sources */,
				7F074C99244C29F20039DCC7 /* SceneDelegate.swift in Sources */,
				7F074CAB244C2B2B0039DCC7 /* DataService.swift in Sources */,
				7F074CAF244C2BD30039DCC7 /* TrackCell.swift in Sources */,
				7FC2DBE0245E04B100EF4E56 /* DetailViewController.swift in Sources */,
			);
			runOnlyForDeploymentPostprocessing = 0;
		};
/* End PBXSourcesBuildPhase section */

/* Begin PBXVariantGroup section */
		7F074C9C244C29F20039DCC7 /* Main.storyboard */ = {
			isa = PBXVariantGroup;
			children = (
				7F074C9D244C29F20039DCC7 /* Base */,
			);
			name = Main.storyboard;
			sourceTree = "<group>";
		};
		7F074CA1244C29F40039DCC7 /* LaunchScreen.storyboard */ = {
			isa = PBXVariantGroup;
			children = (
				7F074CA2244C29F40039DCC7 /* Base */,
			);
			name = LaunchScreen.storyboard;
			sourceTree = "<group>";
		};
/* End PBXVariantGroup section */

/* Begin XCBuildConfiguration section */
		7F074CA5244C29F40039DCC7 /* Debug */ = {
			isa = XCBuildConfiguration;
			buildSettings = {
				ALWAYS_SEARCH_USER_PATHS = NO;
				CLANG_ANALYZER_NONNULL = YES;
				CLANG_ANALYZER_NUMBER_OBJECT_CONVERSION = YES_AGGRESSIVE;
				CLANG_CXX_LANGUAGE_STANDARD = "gnu++14";
				CLANG_CXX_LIBRARY = "libc++";
				CLANG_ENABLE_MODULES = YES;
				CLANG_ENABLE_OBJC_ARC = YES;
				CLANG_ENABLE_OBJC_WEAK = YES;
				CLANG_WARN_BLOCK_CAPTURE_AUTORELEASING = YES;
				CLANG_WARN_BOOL_CONVERSION = YES;
				CLANG_WARN_COMMA = YES;
				CLANG_WARN_CONSTANT_CONVERSION = YES;
				CLANG_WARN_DEPRECATED_OBJC_IMPLEMENTATIONS = YES;
				CLANG_WARN_DIRECT_OBJC_ISA_USAGE = YES_ERROR;
				CLANG_WARN_DOCUMENTATION_COMMENTS = YES;
				CLANG_WARN_EMPTY_BODY = YES;
				CLANG_WARN_ENUM_CONVERSION = YES;
				CLANG_WARN_INFINITE_RECURSION = YES;
				CLANG_WARN_INT_CONVERSION = YES;
				CLANG_WARN_NON_LITERAL_NULL_CONVERSION = YES;
				CLANG_WARN_OBJC_IMPLICIT_RETAIN_SELF = YES;
				CLANG_WARN_OBJC_LITERAL_CONVERSION = YES;
				CLANG_WARN_OBJC_ROOT_CLASS = YES_ERROR;
				CLANG_WARN_RANGE_LOOP_ANALYSIS = YES;
				CLANG_WARN_STRICT_PROTOTYPES = YES;
				CLANG_WARN_SUSPICIOUS_MOVE = YES;
				CLANG_WARN_UNGUARDED_AVAILABILITY = YES_AGGRESSIVE;
				CLANG_WARN_UNREACHABLE_CODE = YES;
				CLANG_WARN__DUPLICATE_METHOD_MATCH = YES;
				COPY_PHASE_STRIP = NO;
				DEBUG_INFORMATION_FORMAT = dwarf;
				ENABLE_STRICT_OBJC_MSGSEND = YES;
				ENABLE_TESTABILITY = YES;
				GCC_C_LANGUAGE_STANDARD = gnu11;
				GCC_DYNAMIC_NO_PIC = NO;
				GCC_NO_COMMON_BLOCKS = YES;
				GCC_OPTIMIZATION_LEVEL = 0;
				GCC_PREPROCESSOR_DEFINITIONS = (
					"DEBUG=1",
					"$(inherited)",
				);
				GCC_WARN_64_TO_32_BIT_CONVERSION = YES;
				GCC_WARN_ABOUT_RETURN_TYPE = YES_ERROR;
				GCC_WARN_UNDECLARED_SELECTOR = YES;
				GCC_WARN_UNINITIALIZED_AUTOS = YES_AGGRESSIVE;
				GCC_WARN_UNUSED_FUNCTION = YES;
				GCC_WARN_UNUSED_VARIABLE = YES;
				IPHONEOS_DEPLOYMENT_TARGET = 13.4;
				MTL_ENABLE_DEBUG_INFO = INCLUDE_SOURCE;
				MTL_FAST_MATH = YES;
				ONLY_ACTIVE_ARCH = YES;
				SDKROOT = iphoneos;
				SWIFT_ACTIVE_COMPILATION_CONDITIONS = DEBUG;
				SWIFT_OPTIMIZATION_LEVEL = "-Onone";
			};
			name = Debug;
		};
		7F074CA6244C29F40039DCC7 /* Release */ = {
			isa = XCBuildConfiguration;
			buildSettings = {
				ALWAYS_SEARCH_USER_PATHS = NO;
				CLANG_ANALYZER_NONNULL = YES;
				CLANG_ANALYZER_NUMBER_OBJECT_CONVERSION = YES_AGGRESSIVE;
				CLANG_CXX_LANGUAGE_STANDARD = "gnu++14";
				CLANG_CXX_LIBRARY = "libc++";
				CLANG_ENABLE_MODULES = YES;
				CLANG_ENABLE_OBJC_ARC = YES;
				CLANG_ENABLE_OBJC_WEAK = YES;
				CLANG_WARN_BLOCK_CAPTURE_AUTORELEASING = YES;
				CLANG_WARN_BOOL_CONVERSION = YES;
				CLANG_WARN_COMMA = YES;
				CLANG_WARN_CONSTANT_CONVERSION = YES;
				CLANG_WARN_DEPRECATED_OBJC_IMPLEMENTATIONS = YES;
				CLANG_WARN_DIRECT_OBJC_ISA_USAGE = YES_ERROR;
				CLANG_WARN_DOCUMENTATION_COMMENTS = YES;
				CLANG_WARN_EMPTY_BODY = YES;
				CLANG_WARN_ENUM_CONVERSION = YES;
				CLANG_WARN_INFINITE_RECURSION = YES;
				CLANG_WARN_INT_CONVERSION = YES;
				CLANG_WARN_NON_LITERAL_NULL_CONVERSION = YES;
				CLANG_WARN_OBJC_IMPLICIT_RETAIN_SELF = YES;
				CLANG_WARN_OBJC_LITERAL_CONVERSION = YES;
				CLANG_WARN_OBJC_ROOT_CLASS = YES_ERROR;
				CLANG_WARN_RANGE_LOOP_ANALYSIS = YES;
				CLANG_WARN_STRICT_PROTOTYPES = YES;
				CLANG_WARN_SUSPICIOUS_MOVE = YES;
				CLANG_WARN_UNGUARDED_AVAILABILITY = YES_AGGRESSIVE;
				CLANG_WARN_UNREACHABLE_CODE = YES;
				CLANG_WARN__DUPLICATE_METHOD_MATCH = YES;
				COPY_PHASE_STRIP = NO;
				DEBUG_INFORMATION_FORMAT = "dwarf-with-dsym";
				ENABLE_NS_ASSERTIONS = NO;
				ENABLE_STRICT_OBJC_MSGSEND = YES;
				GCC_C_LANGUAGE_STANDARD = gnu11;
				GCC_NO_COMMON_BLOCKS = YES;
				GCC_WARN_64_TO_32_BIT_CONVERSION = YES;
				GCC_WARN_ABOUT_RETURN_TYPE = YES_ERROR;
				GCC_WARN_UNDECLARED_SELECTOR = YES;
				GCC_WARN_UNINITIALIZED_AUTOS = YES_AGGRESSIVE;
				GCC_WARN_UNUSED_FUNCTION = YES;
				GCC_WARN_UNUSED_VARIABLE = YES;
				IPHONEOS_DEPLOYMENT_TARGET = 13.4;
				MTL_ENABLE_DEBUG_INFO = NO;
				MTL_FAST_MATH = YES;
				SDKROOT = iphoneos;
				SWIFT_COMPILATION_MODE = wholemodule;
				SWIFT_OPTIMIZATION_LEVEL = "-O";
				VALIDATE_PRODUCT = YES;
			};
			name = Release;
		};
		7F074CA8244C29F40039DCC7 /* Debug */ = {
			isa = XCBuildConfiguration;
			buildSettings = {
				ASSETCATALOG_COMPILER_APPICON_NAME = AppIcon;
				CODE_SIGN_STYLE = Automatic;
				DEVELOPMENT_TEAM = BB92D46UC3;
				INFOPLIST_FILE = searchMusic/Info.plist;
				LD_RUNPATH_SEARCH_PATHS = (
					"$(inherited)",
					"@executable_path/Frameworks",
				);
				PRODUCT_BUNDLE_IDENTIFIER = a.searchMusic;
				PRODUCT_NAME = "$(TARGET_NAME)";
				SWIFT_VERSION = 5.0;
				TARGETED_DEVICE_FAMILY = "1,2";
			};
			name = Debug;
		};
		7F074CA9244C29F40039DCC7 /* Release */ = {
			isa = XCBuildConfiguration;
			buildSettings = {
				ASSETCATALOG_COMPILER_APPICON_NAME = AppIcon;
				CODE_SIGN_STYLE = Automatic;
				DEVELOPMENT_TEAM = BB92D46UC3;
				INFOPLIST_FILE = searchMusic/Info.plist;
				LD_RUNPATH_SEARCH_PATHS = (
					"$(inherited)",
					"@executable_path/Frameworks",
				);
				PRODUCT_BUNDLE_IDENTIFIER = a.searchMusic;
				PRODUCT_NAME = "$(TARGET_NAME)";
				SWIFT_VERSION = 5.0;
				TARGETED_DEVICE_FAMILY = "1,2";
			};
			name = Release;
		};
/* End XCBuildConfiguration section */

/* Begin XCConfigurationList section */
		7F074C8E244C29F20039DCC7 /* Build configuration list for PBXProject "searchMusic" */ = {
			isa = XCConfigurationList;
			buildConfigurations = (
				7F074CA5244C29F40039DCC7 /* Debug */,
				7F074CA6244C29F40039DCC7 /* Release */,
			);
			defaultConfigurationIsVisible = 0;
			defaultConfigurationName = Release;
		};
		7F074CA7244C29F40039DCC7 /* Build configuration list for PBXNativeTarget "searchMusic" */ = {
			isa = XCConfigurationList;
			buildConfigurations = (
				7F074CA8244C29F40039DCC7 /* Debug */,
				7F074CA9244C29F40039DCC7 /* Release */,
			);
			defaultConfigurationIsVisible = 0;
			defaultConfigurationName = Release;
		};
/* End XCConfigurationList section */
	};
	rootObject = 7F074C8B244C29F20039DCC7 /* Project object */;
}
